// !$*UTF8*$!
{
	archiveVersion = 1;
	classes = {
	};
	objectVersion = 46;
	objects = {

/* Begin PBXBuildFile section */
		8D7DCD4B1BAF859400A92AD2 /* main.m in Sources */ = {isa = PBXBuildFile; fileRef = 8D7DCD4A1BAF859400A92AD2 /* main.m */; };
		8D7DCD4E1BAF859400A92AD2 /* AppDelegate.m in Sources */ = {isa = PBXBuildFile; fileRef = 8D7DCD4D1BAF859400A92AD2 /* AppDelegate.m */; };
		8D7DCD511BAF859400A92AD2 /* ViewController.m in Sources */ = {isa = PBXBuildFile; fileRef = 8D7DCD501BAF859400A92AD2 /* ViewController.m */; };
		8D7DCD541BAF859400A92AD2 /* Main.storyboard in Resources */ = {isa = PBXBuildFile; fileRef = 8D7DCD521BAF859400A92AD2 /* Main.storyboard */; };
		8D7DCD561BAF859400A92AD2 /* Assets.xcassets in Resources */ = {isa = PBXBuildFile; fileRef = 8D7DCD551BAF859400A92AD2 /* Assets.xcassets */; };
		8D7DCD591BAF859400A92AD2 /* LaunchScreen.storyboard in Resources */ = {isa = PBXBuildFile; fileRef = 8D7DCD571BAF859400A92AD2 /* LaunchScreen.storyboard */; };
		8EB73311C1148883D4FA1D45 /* libPods.a in Frameworks */ = {isa = PBXBuildFile; fileRef = 59270A15DF6537579F64104B /* libPods.a */; };
		EBAE9BA01BBF663100BF95B1 /* MapAPi.m in Sources */ = {isa = PBXBuildFile; fileRef = EBAE9B9F1BBF663100BF95B1 /* MapAPi.m */; settings = {ASSET_TAGS = (); }; };
		EBAE9BA21BBF67AD00BF95B1 /* MapKit.framework in Frameworks */ = {isa = PBXBuildFile; fileRef = EBAE9BA11BBF67AD00BF95B1 /* MapKit.framework */; };
		EBAE9BA41BBF67EE00BF95B1 /* CoreLocation.framework in Frameworks */ = {isa = PBXBuildFile; fileRef = EBAE9BA31BBF67EE00BF95B1 /* CoreLocation.framework */; };
		EBD169D11BB1DDF700E1C589 /* APIManager.m in Sources */ = {isa = PBXBuildFile; fileRef = EBD169D01BB1DDF700E1C589 /* APIManager.m */; settings = {ASSET_TAGS = (); }; };
		EBEC5E091BB1F25A00186ACB /* LocationViewController.m in Sources */ = {isa = PBXBuildFile; fileRef = EBEC5E081BB1F25A00186ACB /* LocationViewController.m */; settings = {ASSET_TAGS = (); }; };
		EBEC5E0C1BB1F29A00186ACB /* WeatherViewController.m in Sources */ = {isa = PBXBuildFile; fileRef = EBEC5E0B1BB1F29A00186ACB /* WeatherViewController.m */; settings = {ASSET_TAGS = (); }; };
		EBEC5E131BB317AA00186ACB /* YelpLocationResults.m in Sources */ = {isa = PBXBuildFile; fileRef = EBEC5E121BB317AA00186ACB /* YelpLocationResults.m */; settings = {ASSET_TAGS = (); }; };
		EBEC5E631BB6F23700186ACB /* WeatherSearchResults.m in Sources */ = {isa = PBXBuildFile; fileRef = EBEC5E621BB6F23700186ACB /* WeatherSearchResults.m */; settings = {ASSET_TAGS = (); }; };
/* End PBXBuildFile section */

/* Begin PBXFileReference section */
		1F50F2DD620D90CD6035123E /* Pods.debug.xcconfig */ = {isa = PBXFileReference; includeInIndex = 1; lastKnownFileType = text.xcconfig; name = Pods.debug.xcconfig; path = "Pods/Target Support Files/Pods/Pods.debug.xcconfig"; sourceTree = "<group>"; };
		59270A15DF6537579F64104B /* libPods.a */ = {isa = PBXFileReference; explicitFileType = archive.ar; includeInIndex = 0; path = libPods.a; sourceTree = BUILT_PRODUCTS_DIR; };
		8D7DCD461BAF859400A92AD2 /* TalkinToTheNet.app */ = {isa = PBXFileReference; explicitFileType = wrapper.application; includeInIndex = 0; path = TalkinToTheNet.app; sourceTree = BUILT_PRODUCTS_DIR; };
		8D7DCD4A1BAF859400A92AD2 /* main.m */ = {isa = PBXFileReference; lastKnownFileType = sourcecode.c.objc; path = main.m; sourceTree = "<group>"; };
		8D7DCD4C1BAF859400A92AD2 /* AppDelegate.h */ = {isa = PBXFileReference; lastKnownFileType = sourcecode.c.h; path = AppDelegate.h; sourceTree = "<group>"; };
		8D7DCD4D1BAF859400A92AD2 /* AppDelegate.m */ = {isa = PBXFileReference; lastKnownFileType = sourcecode.c.objc; path = AppDelegate.m; sourceTree = "<group>"; };
		8D7DCD4F1BAF859400A92AD2 /* ViewController.h */ = {isa = PBXFileReference; lastKnownFileType = sourcecode.c.h; path = ViewController.h; sourceTree = "<group>"; };
		8D7DCD501BAF859400A92AD2 /* ViewController.m */ = {isa = PBXFileReference; lastKnownFileType = sourcecode.c.objc; path = ViewController.m; sourceTree = "<group>"; };
		8D7DCD531BAF859400A92AD2 /* Base */ = {isa = PBXFileReference; lastKnownFileType = file.storyboard; name = Base; path = Base.lproj/Main.storyboard; sourceTree = "<group>"; };
		8D7DCD551BAF859400A92AD2 /* Assets.xcassets */ = {isa = PBXFileReference; lastKnownFileType = folder.assetcatalog; path = Assets.xcassets; sourceTree = "<group>"; };
		8D7DCD581BAF859400A92AD2 /* Base */ = {isa = PBXFileReference; lastKnownFileType = file.storyboard; name = Base; path = Base.lproj/LaunchScreen.storyboard; sourceTree = "<group>"; };
		8D7DCD5A1BAF859400A92AD2 /* Info.plist */ = {isa = PBXFileReference; lastKnownFileType = text.plist.xml; path = Info.plist; sourceTree = "<group>"; };
		C521478F7E92A0219D44A55E /* Pods.release.xcconfig */ = {isa = PBXFileReference; includeInIndex = 1; lastKnownFileType = text.xcconfig; name = Pods.release.xcconfig; path = "Pods/Target Support Files/Pods/Pods.release.xcconfig"; sourceTree = "<group>"; };
		EBAE9B9E1BBF663100BF95B1 /* MapAPi.h */ = {isa = PBXFileReference; fileEncoding = 4; lastKnownFileType = sourcecode.c.h; path = MapAPi.h; sourceTree = "<group>"; };
		EBAE9B9F1BBF663100BF95B1 /* MapAPi.m */ = {isa = PBXFileReference; fileEncoding = 4; lastKnownFileType = sourcecode.c.objc; path = MapAPi.m; sourceTree = "<group>"; };
		EBAE9BA11BBF67AD00BF95B1 /* MapKit.framework */ = {isa = PBXFileReference; lastKnownFileType = wrapper.framework; name = MapKit.framework; path = System/Library/Frameworks/MapKit.framework; sourceTree = SDKROOT; };
		EBAE9BA31BBF67EE00BF95B1 /* CoreLocation.framework */ = {isa = PBXFileReference; lastKnownFileType = wrapper.framework; name = CoreLocation.framework; path = System/Library/Frameworks/CoreLocation.framework; sourceTree = SDKROOT; };
		EBD169CF1BB1DDF700E1C589 /* APIManager.h */ = {isa = PBXFileReference; fileEncoding = 4; lastKnownFileType = sourcecode.c.h; path = APIManager.h; sourceTree = "<group>"; };
		EBD169D01BB1DDF700E1C589 /* APIManager.m */ = {isa = PBXFileReference; fileEncoding = 4; lastKnownFileType = sourcecode.c.objc; path = APIManager.m; sourceTree = "<group>"; };
		EBEC5E071BB1F25A00186ACB /* LocationViewController.h */ = {isa = PBXFileReference; fileEncoding = 4; lastKnownFileType = sourcecode.c.h; path = LocationViewController.h; sourceTree = "<group>"; };
		EBEC5E081BB1F25A00186ACB /* LocationViewController.m */ = {isa = PBXFileReference; fileEncoding = 4; lastKnownFileType = sourcecode.c.objc; path = LocationViewController.m; sourceTree = "<group>"; };
		EBEC5E0A1BB1F29A00186ACB /* WeatherViewController.h */ = {isa = PBXFileReference; fileEncoding = 4; lastKnownFileType = sourcecode.c.h; path = WeatherViewController.h; sourceTree = "<group>"; };
		EBEC5E0B1BB1F29A00186ACB /* WeatherViewController.m */ = {isa = PBXFileReference; fileEncoding = 4; lastKnownFileType = sourcecode.c.objc; path = WeatherViewController.m; sourceTree = "<group>"; };
		EBEC5E111BB317AA00186ACB /* YelpLocationResults.h */ = {isa = PBXFileReference; fileEncoding = 4; lastKnownFileType = sourcecode.c.h; path = YelpLocationResults.h; sourceTree = "<group>"; };
		EBEC5E121BB317AA00186ACB /* YelpLocationResults.m */ = {isa = PBXFileReference; fileEncoding = 4; lastKnownFileType = sourcecode.c.objc; path = YelpLocationResults.m; sourceTree = "<group>"; };
		EBEC5E601BB6E27800186ACB /* searchResultDelegate.h */ = {isa = PBXFileReference; fileEncoding = 4; lastKnownFileType = sourcecode.c.h; path = searchResultDelegate.h; sourceTree = "<group>"; };
		EBEC5E611BB6F23700186ACB /* WeatherSearchResults.h */ = {isa = PBXFileReference; fileEncoding = 4; lastKnownFileType = sourcecode.c.h; path = WeatherSearchResults.h; sourceTree = "<group>"; };
		EBEC5E621BB6F23700186ACB /* WeatherSearchResults.m */ = {isa = PBXFileReference; fileEncoding = 4; lastKnownFileType = sourcecode.c.objc; path = WeatherSearchResults.m; sourceTree = "<group>"; };
/* End PBXFileReference section */

/* Begin PBXFrameworksBuildPhase section */
		8D7DCD431BAF859400A92AD2 /* Frameworks */ = {
			isa = PBXFrameworksBuildPhase;
			buildActionMask = 2147483647;
			files = (
				EBAE9BA41BBF67EE00BF95B1 /* CoreLocation.framework in Frameworks */,
				EBAE9BA21BBF67AD00BF95B1 /* MapKit.framework in Frameworks */,
				8EB73311C1148883D4FA1D45 /* libPods.a in Frameworks */,
			);
			runOnlyForDeploymentPostprocessing = 0;
		};
/* End PBXFrameworksBuildPhase section */

/* Begin PBXGroup section */
		0E4F7F699DB75BA1563C5F5B /* Pods */ = {
			isa = PBXGroup;
			children = (
				1F50F2DD620D90CD6035123E /* Pods.debug.xcconfig */,
				C521478F7E92A0219D44A55E /* Pods.release.xcconfig */,
			);
			name = Pods;
			sourceTree = "<group>";
		};
		354F4149D168733CB106B6ED /* Frameworks */ = {
			isa = PBXGroup;
			children = (
				EBAE9BA31BBF67EE00BF95B1 /* CoreLocation.framework */,
				EBAE9BA11BBF67AD00BF95B1 /* MapKit.framework */,
				59270A15DF6537579F64104B /* libPods.a */,
			);
			name = Frameworks;
			sourceTree = "<group>";
		};
		8D7DCD3D1BAF859400A92AD2 = {
			isa = PBXGroup;
			children = (
				8D7DCD481BAF859400A92AD2 /* TalkinToTheNet */,
				8D7DCD471BAF859400A92AD2 /* Products */,
				0E4F7F699DB75BA1563C5F5B /* Pods */,
				354F4149D168733CB106B6ED /* Frameworks */,
			);
			sourceTree = "<group>";
		};
		8D7DCD471BAF859400A92AD2 /* Products */ = {
			isa = PBXGroup;
			children = (
				8D7DCD461BAF859400A92AD2 /* TalkinToTheNet.app */,
			);
			name = Products;
			sourceTree = "<group>";
		};
		8D7DCD481BAF859400A92AD2 /* TalkinToTheNet */ = {
			isa = PBXGroup;
			children = (
				8D7DCD521BAF859400A92AD2 /* Main.storyboard */,
				8D7DCD4C1BAF859400A92AD2 /* AppDelegate.h */,
				8D7DCD4D1BAF859400A92AD2 /* AppDelegate.m */,
				EBEC5E5F1BB6E24100186ACB /* protocol */,
				EBEC5E101BB1F63600186ACB /* Map */,
				EBEC5E0D1BB1F33E00186ACB /* Location */,
				EBEC5E0E1BB1F35900186ACB /* Weather */,
				EBEC5E0F1BB1F38300186ACB /* API */,
				8D7DCD551BAF859400A92AD2 /* Assets.xcassets */,
				8D7DCD571BAF859400A92AD2 /* LaunchScreen.storyboard */,
				8D7DCD5A1BAF859400A92AD2 /* Info.plist */,
				8D7DCD491BAF859400A92AD2 /* Supporting Files */,
			);
			path = TalkinToTheNet;
			sourceTree = "<group>";
		};
		8D7DCD491BAF859400A92AD2 /* Supporting Files */ = {
			isa = PBXGroup;
			children = (
				8D7DCD4A1BAF859400A92AD2 /* main.m */,
			);
			name = "Supporting Files";
			sourceTree = "<group>";
		};
		EBEC5E0D1BB1F33E00186ACB /* Location */ = {
			isa = PBXGroup;
			children = (
				EBEC5E071BB1F25A00186ACB /* LocationViewController.h */,
				EBEC5E081BB1F25A00186ACB /* LocationViewController.m */,
				EBEC5E111BB317AA00186ACB /* YelpLocationResults.h */,
				EBEC5E121BB317AA00186ACB /* YelpLocationResults.m */,
			);
			name = Location;
			sourceTree = "<group>";
		};
		EBEC5E0E1BB1F35900186ACB /* Weather */ = {
			isa = PBXGroup;
			children = (
				EBEC5E0A1BB1F29A00186ACB /* WeatherViewController.h */,
				EBEC5E0B1BB1F29A00186ACB /* WeatherViewController.m */,
				EBEC5E611BB6F23700186ACB /* WeatherSearchResults.h */,
				EBEC5E621BB6F23700186ACB /* WeatherSearchResults.m */,
			);
			name = Weather;
			sourceTree = "<group>";
		};
		EBEC5E0F1BB1F38300186ACB /* API */ = {
			isa = PBXGroup;
			children = (
				EBD169CF1BB1DDF700E1C589 /* APIManager.h */,
				EBD169D01BB1DDF700E1C589 /* APIManager.m */,
			);
			name = API;
			sourceTree = "<group>";
		};
		EBEC5E101BB1F63600186ACB /* Map */ = {
			isa = PBXGroup;
			children = (
				8D7DCD4F1BAF859400A92AD2 /* ViewController.h */,
				8D7DCD501BAF859400A92AD2 /* ViewController.m */,
				EBAE9B9E1BBF663100BF95B1 /* MapAPi.h */,
				EBAE9B9F1BBF663100BF95B1 /* MapAPi.m */,
			);
			name = Map;
			sourceTree = "<group>";
		};
		EBEC5E5F1BB6E24100186ACB /* protocol */ = {
			isa = PBXGroup;
			children = (
				EBEC5E601BB6E27800186ACB /* searchResultDelegate.h */,
			);
			name = protocol;
			sourceTree = "<group>";
		};
/* End PBXGroup section */

/* Begin PBXNativeTarget section */
		8D7DCD451BAF859400A92AD2 /* TalkinToTheNet */ = {
			isa = PBXNativeTarget;
			buildConfigurationList = 8D7DCD5D1BAF859400A92AD2 /* Build configuration list for PBXNativeTarget "TalkinToTheNet" */;
			buildPhases = (
				E6FD2ECBCF674DAA88F604B1 /* Check Pods Manifest.lock */,
				8D7DCD421BAF859400A92AD2 /* Sources */,
				8D7DCD431BAF859400A92AD2 /* Frameworks */,
				8D7DCD441BAF859400A92AD2 /* Resources */,
				CE604BFA53E4D43542ABE815 /* Copy Pods Resources */,
			);
			buildRules = (
			);
			dependencies = (
			);
			name = TalkinToTheNet;
			productName = TalkinToTheNet;
			productReference = 8D7DCD461BAF859400A92AD2 /* TalkinToTheNet.app */;
			productType = "com.apple.product-type.application";
		};
/* End PBXNativeTarget section */

/* Begin PBXProject section */
		8D7DCD3E1BAF859400A92AD2 /* Project object */ = {
			isa = PBXProject;
			attributes = {
				LastUpgradeCheck = 0700;
				ORGANIZATIONNAME = "Mike Kavouras";
				TargetAttributes = {
					8D7DCD451BAF859400A92AD2 = {
						CreatedOnToolsVersion = 7.0;
					};
				};
			};
			buildConfigurationList = 8D7DCD411BAF859400A92AD2 /* Build configuration list for PBXProject "TalkinToTheNet" */;
			compatibilityVersion = "Xcode 3.2";
			developmentRegion = English;
			hasScannedForEncodings = 0;
			knownRegions = (
				en,
				Base,
			);
			mainGroup = 8D7DCD3D1BAF859400A92AD2;
			productRefGroup = 8D7DCD471BAF859400A92AD2 /* Products */;
			projectDirPath = "";
			projectRoot = "";
			targets = (
				8D7DCD451BAF859400A92AD2 /* TalkinToTheNet */,
			);
		};
/* End PBXProject section */

/* Begin PBXResourcesBuildPhase section */
		8D7DCD441BAF859400A92AD2 /* Resources */ = {
			isa = PBXResourcesBuildPhase;
			buildActionMask = 2147483647;
			files = (
				8D7DCD591BAF859400A92AD2 /* LaunchScreen.storyboard in Resources */,
				8D7DCD561BAF859400A92AD2 /* Assets.xcassets in Resources */,
				8D7DCD541BAF859400A92AD2 /* Main.storyboard in Resources */,
			);
			runOnlyForDeploymentPostprocessing = 0;
		};
/* End PBXResourcesBuildPhase section */

/* Begin PBXShellScriptBuildPhase section */
		CE604BFA53E4D43542ABE815 /* Copy Pods Resources */ = {
			isa = PBXShellScriptBuildPhase;
			buildActionMask = 2147483647;
			files = (
			);
			inputPaths = (
			);
			name = "Copy Pods Resources";
			outputPaths = (
			);
			runOnlyForDeploymentPostprocessing = 0;
			shellPath = /bin/sh;
			shellScript = "\"${SRCROOT}/Pods/Target Support Files/Pods/Pods-resources.sh\"\n";
			showEnvVarsInLog = 0;
		};
		E6FD2ECBCF674DAA88F604B1 /* Check Pods Manifest.lock */ = {
			isa = PBXShellScriptBuildPhase;
			buildActionMask = 2147483647;
			files = (
			);
			inputPaths = (
			);
			name = "Check Pods Manifest.lock";
			outputPaths = (
			);
			runOnlyForDeploymentPostprocessing = 0;
			shellPath = /bin/sh;
			shellScript = "diff \"${PODS_ROOT}/../Podfile.lock\" \"${PODS_ROOT}/Manifest.lock\" > /dev/null\nif [[ $? != 0 ]] ; then\n    cat << EOM\nerror: The sandbox is not in sync with the Podfile.lock. Run 'pod install' or update your CocoaPods installation.\nEOM\n    exit 1\nfi\n";
			showEnvVarsInLog = 0;
		};
/* End PBXShellScriptBuildPhase section */

/* Begin PBXSourcesBuildPhase section */
		8D7DCD421BAF859400A92AD2 /* Sources */ = {
			isa = PBXSourcesBuildPhase;
			buildActionMask = 2147483647;
			files = (
				EBD169D11BB1DDF700E1C589 /* APIManager.m in Sources */,
				EBEC5E631BB6F23700186ACB /* WeatherSearchResults.m in Sources */,
				EBEC5E0C1BB1F29A00186ACB /* WeatherViewController.m in Sources */,
				8D7DCD511BAF859400A92AD2 /* ViewController.m in Sources */,
				EBAE9BA01BBF663100BF95B1 /* MapAPi.m in Sources */,
				8D7DCD4E1BAF859400A92AD2 /* AppDelegate.m in Sources */,
				8D7DCD4B1BAF859400A92AD2 /* main.m in Sources */,
				EBEC5E131BB317AA00186ACB /* YelpLocationResults.m in Sources */,
				EBEC5E091BB1F25A00186ACB /* LocationViewController.m in Sources */,
			);
			runOnlyForDeploymentPostprocessing = 0;
		};
/* End PBXSourcesBuildPhase section */

/* Begin PBXVariantGroup section */
		8D7DCD521BAF859400A92AD2 /* Main.storyboard */ = {
			isa = PBXVariantGroup;
			children = (
				8D7DCD531BAF859400A92AD2 /* Base */,
			);
			name = Main.storyboard;
			sourceTree = "<group>";
		};
		8D7DCD571BAF859400A92AD2 /* LaunchScreen.storyboard */ = {
			isa = PBXVariantGroup;
			children = (
				8D7DCD581BAF859400A92AD2 /* Base */,
			);
			name = LaunchScreen.storyboard;
			sourceTree = "<group>";
		};
/* End PBXVariantGroup section */

/* Begin XCBuildConfiguration section */
		8D7DCD5B1BAF859400A92AD2 /* Debug */ = {
			isa = XCBuildConfiguration;
			buildSettings = {
				ALWAYS_SEARCH_USER_PATHS = NO;
				CLANG_CXX_LANGUAGE_STANDARD = "gnu++0x";
				CLANG_CXX_LIBRARY = "libc++";
				CLANG_ENABLE_MODULES = YES;
				CLANG_ENABLE_OBJC_ARC = YES;
				CLANG_WARN_BOOL_CONVERSION = YES;
				CLANG_WARN_CONSTANT_CONVERSION = YES;
				CLANG_WARN_DIRECT_OBJC_ISA_USAGE = YES_ERROR;
				CLANG_WARN_EMPTY_BODY = YES;
				CLANG_WARN_ENUM_CONVERSION = YES;
				CLANG_WARN_INT_CONVERSION = YES;
				CLANG_WARN_OBJC_ROOT_CLASS = YES_ERROR;
				CLANG_WARN_UNREACHABLE_CODE = YES;
				CLANG_WARN__DUPLICATE_METHOD_MATCH = YES;
				"CODE_SIGN_IDENTITY[sdk=iphoneos*]" = "iPhone Developer";
				COPY_PHASE_STRIP = NO;
				DEBUG_INFORMATION_FORMAT = dwarf;
				ENABLE_STRICT_OBJC_MSGSEND = YES;
				ENABLE_TESTABILITY = YES;
				GCC_C_LANGUAGE_STANDARD = gnu99;
				GCC_DYNAMIC_NO_PIC = NO;
				GCC_NO_COMMON_BLOCKS = YES;
				GCC_OPTIMIZATION_LEVEL = 0;
				GCC_PREPROCESSOR_DEFINITIONS = (
					"DEBUG=1",
					"$(inherited)",
				);
				GCC_WARN_64_TO_32_BIT_CONVERSION = YES;
				GCC_WARN_ABOUT_RETURN_TYPE = YES_ERROR;
				GCC_WARN_UNDECLARED_SELECTOR = YES;
				GCC_WARN_UNINITIALIZED_AUTOS = YES_AGGRESSIVE;
				GCC_WARN_UNUSED_FUNCTION = YES;
				GCC_WARN_UNUSED_VARIABLE = YES;
				IPHONEOS_DEPLOYMENT_TARGET = 9.0;
				MTL_ENABLE_DEBUG_INFO = YES;
				ONLY_ACTIVE_ARCH = YES;
				SDKROOT = iphoneos;
			};
			name = Debug;
		};
		8D7DCD5C1BAF859400A92AD2 /* Release */ = {
			isa = XCBuildConfiguration;
			buildSettings = {
				ALWAYS_SEARCH_USER_PATHS = NO;
				CLANG_CXX_LANGUAGE_STANDARD = "gnu++0x";
				CLANG_CXX_LIBRARY = "libc++";
				CLANG_ENABLE_MODULES = YES;
				CLANG_ENABLE_OBJC_ARC = YES;
				CLANG_WARN_BOOL_CONVERSION = YES;
				CLANG_WARN_CONSTANT_CONVERSION = YES;
				CLANG_WARN_DIRECT_OBJC_ISA_USAGE = YES_ERROR;
				CLANG_WARN_EMPTY_BODY = YES;
				CLANG_WARN_ENUM_CONVERSION = YES;
				CLANG_WARN_INT_CONVERSION = YES;
				CLANG_WARN_OBJC_ROOT_CLASS = YES_ERROR;
				CLANG_WARN_UNREACHABLE_CODE = YES;
				CLANG_WARN__DUPLICATE_METHOD_MATCH = YES;
				"CODE_SIGN_IDENTITY[sdk=iphoneos*]" = "iPhone Developer";
				COPY_PHASE_STRIP = NO;
				DEBUG_INFORMATION_FORMAT = "dwarf-with-dsym";
				ENABLE_NS_ASSERTIONS = NO;
				ENABLE_STRICT_OBJC_MSGSEND = YES;
				GCC_C_LANGUAGE_STANDARD = gnu99;
				GCC_NO_COMMON_BLOCKS = YES;
				GCC_WARN_64_TO_32_BIT_CONVERSION = YES;
				GCC_WARN_ABOUT_RETURN_TYPE = YES_ERROR;
				GCC_WARN_UNDECLARED_SELECTOR = YES;
				GCC_WARN_UNINITIALIZED_AUTOS = YES_AGGRESSIVE;
				GCC_WARN_UNUSED_FUNCTION = YES;
				GCC_WARN_UNUSED_VARIABLE = YES;
				IPHONEOS_DEPLOYMENT_TARGET = 9.0;
				MTL_ENABLE_DEBUG_INFO = NO;
				SDKROOT = iphoneos;
				VALIDATE_PRODUCT = YES;
			};
			name = Release;
		};
		8D7DCD5E1BAF859400A92AD2 /* Debug */ = {
			isa = XCBuildConfiguration;
			baseConfigurationReference = 1F50F2DD620D90CD6035123E /* Pods.debug.xcconfig */;
			buildSettings = {
				ASSETCATALOG_COMPILER_APPICON_NAME = AppIcon;
				INFOPLIST_FILE = TalkinToTheNet/Info.plist;
				IPHONEOS_DEPLOYMENT_TARGET = 8.4;
				LD_RUNPATH_SEARCH_PATHS = "$(inherited) @executable_path/Frameworks";
				PRODUCT_BUNDLE_IDENTIFIER = com.mikekavouras.TalkinToTheNet;
				PRODUCT_NAME = "$(TARGET_NAME)";
			};
			name = Debug;
		};
		8D7DCD5F1BAF859400A92AD2 /* Release */ = {
			isa = XCBuildConfiguration;
			baseConfigurationReference = C521478F7E92A0219D44A55E /* Pods.release.xcconfig */;
			buildSettings = {
				ASSETCATALOG_COMPILER_APPICON_NAME = AppIcon;
				INFOPLIST_FILE = TalkinToTheNet/Info.plist;
				IPHONEOS_DEPLOYMENT_TARGET = 8.4;
				LD_RUNPATH_SEARCH_PATHS = "$(inherited) @executable_path/Frameworks";
				PRODUCT_BUNDLE_IDENTIFIER = com.mikekavouras.TalkinToTheNet;
				PRODUCT_NAME = "$(TARGET_NAME)";
			};
			name = Release;
		};
/* End XCBuildConfiguration section */

/* Begin XCConfigurationList section */
		8D7DCD411BAF859400A92AD2 /* Build configuration list for PBXProject "TalkinToTheNet" */ = {
			isa = XCConfigurationList;
			buildConfigurations = (
				8D7DCD5B1BAF859400A92AD2 /* Debug */,
				8D7DCD5C1BAF859400A92AD2 /* Release */,
			);
			defaultConfigurationIsVisible = 0;
			defaultConfigurationName = Release;
		};
		8D7DCD5D1BAF859400A92AD2 /* Build configuration list for PBXNativeTarget "TalkinToTheNet" */ = {
			isa = XCConfigurationList;
			buildConfigurations = (
				8D7DCD5E1BAF859400A92AD2 /* Debug */,
				8D7DCD5F1BAF859400A92AD2 /* Release */,
			);
			defaultConfigurationIsVisible = 0;
			defaultConfigurationName = Release;
		};
/* End XCConfigurationList section */
	};
	rootObject = 8D7DCD3E1BAF859400A92AD2 /* Project object */;
}
